
Microsoft Visual Studio Solution File, Format Version 12.00
# Visual Studio 2012
Project("{FAE04EC0-301F-11D3-BF4B-00C04F79EFBC}") = "Apploader", "src\Apploader\Apploader.csproj", "{AC00B830-E9A2-4E62-AB8C-D226B8B3CB85}"
EndProject
Project("{FAE04EC0-301F-11D3-BF4B-00C04F79EFBC}") = "Apploader.Console", "src\Apploader.Console\Apploader.Console.csproj", "{BACE28D9-67B1-4CBC-94EE-1DC0D17326E6}"
EndProject
Project("{FAE04EC0-301F-11D3-BF4B-00C04F79EFBC}") = "Apploader.WinService", "src\Apploader.WinService\Apploader.WinService.csproj", "{2D1D65AF-E163-45B2-8CE1-03D51C683A80}"
EndProject
Project("{2150E333-8FDC-42A3-9474-1A3956D46DE8}") = "scripts", "scripts", "{3A1AC114-17B8-46EC-B5D3-00F25C1508E6}"
	ProjectSection(SolutionItems) = preProject
		build.bat = build.bat
		nant.build = nant.build
		README.md = README.md
	EndProjectSection
EndProject
Project("{2150E333-8FDC-42A3-9474-1A3956D46DE8}") = "samples", "samples", "{4AF34502-DDAE-489D-883A-B87BF867D267}"
EndProject
Project("{FAE04EC0-301F-11D3-BF4B-00C04F79EFBC}") = "DemoApp", "samples\DemoApp\DemoApp.csproj", "{C7144293-1A2B-470B-8F50-D945CCFE9026}"
EndProject
Project("{FAE04EC0-301F-11D3-BF4B-00C04F79EFBC}") = "AppServer.Console", "src\AppServer.Console\AppServer.Console.csproj", "{E5E4872B-745C-46CF-ACC3-4AD4172BFB68}"
EndProject
Global
	GlobalSection(SolutionConfigurationPlatforms) = preSolution
		Debug|Any CPU = Debug|Any CPU
		Release|Any CPU = Release|Any CPU
	EndGlobalSection
	GlobalSection(ProjectConfigurationPlatforms) = postSolution
		{AC00B830-E9A2-4E62-AB8C-D226B8B3CB85}.Debug|Any CPU.ActiveCfg = Debug|Any CPU
		{AC00B830-E9A2-4E62-AB8C-D226B8B3CB85}.Debug|Any CPU.Build.0 = Debug|Any CPU
		{AC00B830-E9A2-4E62-AB8C-D226B8B3CB85}.Release|Any CPU.ActiveCfg = Release|Any CPU
		{AC00B830-E9A2-4E62-AB8C-D226B8B3CB85}.Release|Any CPU.Build.0 = Release|Any CPU
		{BACE28D9-67B1-4CBC-94EE-1DC0D17326E6}.Debug|Any CPU.ActiveCfg = Debug|Any CPU
		{BACE28D9-67B1-4CBC-94EE-1DC0D17326E6}.Debug|Any CPU.Build.0 = Debug|Any CPU
		{BACE28D9-67B1-4CBC-94EE-1DC0D17326E6}.Release|Any CPU.ActiveCfg = Release|Any CPU
		{BACE28D9-67B1-4CBC-94EE-1DC0D17326E6}.Release|Any CPU.Build.0 = Release|Any CPU
		{2D1D65AF-E163-45B2-8CE1-03D51C683A80}.Debug|Any CPU.ActiveCfg = Debug|Any CPU
		{2D1D65AF-E163-45B2-8CE1-03D51C683A80}.Debug|Any CPU.Build.0 = Debug|Any CPU
		{2D1D65AF-E163-45B2-8CE1-03D51C683A80}.Release|Any CPU.ActiveCfg = Release|Any CPU
		{2D1D65AF-E163-45B2-8CE1-03D51C683A80}.Release|Any CPU.Build.0 = Release|Any CPU
		{C7144293-1A2B-470B-8F50-D945CCFE9026}.Debug|Any CPU.ActiveCfg = Debug|Any CPU
		{C7144293-1A2B-470B-8F50-D945CCFE9026}.Debug|Any CPU.Build.0 = Debug|Any CPU
		{C7144293-1A2B-470B-8F50-D945CCFE9026}.Release|Any CPU.ActiveCfg = Release|Any CPU
		{C7144293-1A2B-470B-8F50-D945CCFE9026}.Release|Any CPU.Build.0 = Release|Any CPU
		{E5E4872B-745C-46CF-ACC3-4AD4172BFB68}.Debug|Any CPU.ActiveCfg = Debug|Any CPU
		{E5E4872B-745C-46CF-ACC3-4AD4172BFB68}.Debug|Any CPU.Build.0 = Debug|Any CPU
		{E5E4872B-745C-46CF-ACC3-4AD4172BFB68}.Release|Any CPU.ActiveCfg = Release|Any CPU
		{E5E4872B-745C-46CF-ACC3-4AD4172BFB68}.Release|Any CPU.Build.0 = Release|Any CPU
	EndGlobalSection
	GlobalSection(SolutionProperties) = preSolution
		HideSolutionNode = FALSE
	EndGlobalSection
	GlobalSection(NestedProjects) = preSolution
		{C7144293-1A2B-470B-8F50-D945CCFE9026} = {4AF34502-DDAE-489D-883A-B87BF867D267}
	EndGlobalSection
EndGlobal
